{
  "nodes": {
    "flake-registry": {
      "flake": false,
      "locked": {
        "lastModified": 1717415742,
        "narHash": "sha256-HKvoLGZUsBpjkxWkdtctGYj6RH0bl6vcw0OjTOqyzJk=",
        "owner": "NixOS",
        "repo": "flake-registry",
        "rev": "895a65f8d5acf848136ee8fe8e8f736f0d27df96",
        "type": "github"
      },
      "original": {
        "owner": "NixOS",
        "repo": "flake-registry",
        "type": "github"
      }
    },
    "nixpkgs": {
      "locked": {
        "lastModified": 1724224976,
        "narHash": "sha256-Z/ELQhrSd7bMzTO8r7NZgi9g5emh+aRKoCdaAv5fiO0=",
        "owner": "NixOS",
        "repo": "nixpkgs",
        "rev": "c374d94f1536013ca8e92341b540eba4c22f9c62",
        "type": "github"
      },
      "original": {
        "id": "nixpkgs",
        "ref": "nixos-unstable",
        "type": "indirect"
      }
    },
    "root": {
      "inputs": {
        "flake-registry": "flake-registry",
        "nixpkgs": "nixpkgs"
      }
    }
  },
  "root": "root",
  "version": 7
}
