{
  "nodes": {
    "flake-registry": {
      "flake": false,
      "locked": {
        "lastModified": 1661161594,
        "narHash": "sha256-tu1KKNLw+v7ZOIUPGDE66tn9vEyhIAWiiJYZRGGev8E=",
        "owner": "NixOS",
        "repo": "flake-registry",
        "rev": "8634fb4e1db6c76ce037bc00ef80f9ebd2616476",
        "type": "github"
      },
      "original": {
        "owner": "NixOS",
        "repo": "flake-registry",
        "type": "github"
      }
    },
    "nixpkgs": {
      "locked": {
        "lastModified": 1672617983,
        "narHash": "sha256-68WDiCBs631mbDDk4UAKdGURKcsfW6hjb7wgudTAe5o=",
        "owner": "NixOS",
        "repo": "nixpkgs",
        "rev": "0fc9fca9c8d43edd79d33fea0dd8409d7c4580f4",
        "type": "github"
      },
      "original": {
        "id": "nixpkgs",
        "ref": "nixos-unstable",
        "type": "indirect"
      }
    },
    "root": {
      "inputs": {
        "flake-registry": "flake-registry",
        "nixpkgs": "nixpkgs"
      }
    }
  },
  "root": "root",
  "version": 7
}
